
Microsoft Visual Studio Solution File, Format Version 12.00
# Visual Studio Version 17
VisualStudioVersion = 17.8.34511.84
MinimumVisualStudioVersion = 10.0.40219.1
Project("{FAE04EC0-301F-11D3-BF4B-00C04F79EFBC}") = "Yu3zx.WorkFlowCore", "Yu3zx.WorkFlowCore\Yu3zx.WorkFlowCore.csproj", "{37B42D90-A9B0-486C-9923-203B04E0733A}"
EndProject
Project("{FAE04EC0-301F-11D3-BF4B-00C04F79EFBC}") = "Yu3zx.Util", "Yu3zx.Util\Yu3zx.Util.csproj", "{2040C4A5-1A0B-41F0-A937-0CB77AFDFFA2}"
EndProject
Project("{FAE04EC0-301F-11D3-BF4B-00C04F79EFBC}") = "Yu3zx.LogHelper", "Yu3zx.LogHelper\Yu3zx.LogHelper.csproj", "{C5B21C57-5512-4B03-8EA4-6CCD9BB72460}"
EndProject
Project("{2150E333-8FDC-42A3-9474-1A3956D46DE8}") = "Solution Items", "Solution Items", "{D9BD9F2A-269A-4E2A-8B9C-0A0B5F30E88C}"
EndProject
Project("{FAE04EC0-301F-11D3-BF4B-00C04F79EFBC}") = "Yu3zx.GoCsp", "Yu3zx.GoCsp\Yu3zx.GoCsp.csproj", "{4CFB47E4-59EF-4FB3-8833-60625B4DB614}"
EndProject
Project("{FAE04EC0-301F-11D3-BF4B-00C04F79EFBC}") = "Yu3zx.GoTest", "Yu3zx.GoTest\Yu3zx.GoTest.csproj", "{AB96B11A-E751-4B4B-A0F2-2B1B064D4928}"
EndProject
Project("{FAE04EC0-301F-11D3-BF4B-00C04F79EFBC}") = "Yu3zx.TimeCrontab", "Yu3zx.TimeCrontab\Yu3zx.TimeCrontab.csproj", "{9EB91C7B-B57E-4F30-8322-64CF0C3465D9}"
EndProject
Project("{FAE04EC0-301F-11D3-BF4B-00C04F79EFBC}") = "Yu3zx.CommNetwork", "Yu3zx.CommNetwork\Yu3zx.CommNetwork.csproj", "{D7734A27-E610-436A-A649-49E21270EDD5}"
EndProject
Project("{FAE04EC0-301F-11D3-BF4B-00C04F79EFBC}") = "Yu3zx.InstructModel", "Yu3zx.InstructModel\Yu3zx.InstructModel.csproj", "{EC8734CE-04E8-4B65-ABF3-168A46B1D381}"
EndProject
Project("{FAE04EC0-301F-11D3-BF4B-00C04F79EFBC}") = "Yu3zx.Protocols", "Yu3zx.Protocols\Yu3zx.Protocols.csproj", "{CA291F0E-67CE-475C-832B-FAED45CDBDAE}"
EndProject
Project("{FAE04EC0-301F-11D3-BF4B-00C04F79EFBC}") = "Yu3zx.Devices", "Yu3zx.Devices\Yu3zx.Devices.csproj", "{035A27C9-3F8D-491B-BE2A-C981FE43488E}"
EndProject
Project("{FAE04EC0-301F-11D3-BF4B-00C04F79EFBC}") = "Yu3zx.OpenCvEx", "Yu3zx.OpenCvEx\Yu3zx.OpenCvEx.csproj", "{F8C5DD22-2878-4142-A48E-4B404711985B}"
EndProject
Project("{FAE04EC0-301F-11D3-BF4B-00C04F79EFBC}") = "Yu3zx.WorkflowTesh", "Yu3zx.WorkflowTesh\Yu3zx.WorkflowTesh.csproj", "{A9043A20-A1A5-4E79-B732-5A8924A416E9}"
EndProject
Global
	GlobalSection(SolutionConfigurationPlatforms) = preSolution
		Debug|Any CPU = Debug|Any CPU
		Release|Any CPU = Release|Any CPU
	EndGlobalSection
	GlobalSection(ProjectConfigurationPlatforms) = postSolution
		{37B42D90-A9B0-486C-9923-203B04E0733A}.Debug|Any CPU.ActiveCfg = Debug|Any CPU
		{37B42D90-A9B0-486C-9923-203B04E0733A}.Debug|Any CPU.Build.0 = Debug|Any CPU
		{37B42D90-A9B0-486C-9923-203B04E0733A}.Release|Any CPU.ActiveCfg = Release|Any CPU
		{37B42D90-A9B0-486C-9923-203B04E0733A}.Release|Any CPU.Build.0 = Release|Any CPU
		{2040C4A5-1A0B-41F0-A937-0CB77AFDFFA2}.Debug|Any CPU.ActiveCfg = Debug|Any CPU
		{2040C4A5-1A0B-41F0-A937-0CB77AFDFFA2}.Debug|Any CPU.Build.0 = Debug|Any CPU
		{2040C4A5-1A0B-41F0-A937-0CB77AFDFFA2}.Release|Any CPU.ActiveCfg = Release|Any CPU
		{2040C4A5-1A0B-41F0-A937-0CB77AFDFFA2}.Release|Any CPU.Build.0 = Release|Any CPU
		{C5B21C57-5512-4B03-8EA4-6CCD9BB72460}.Debug|Any CPU.ActiveCfg = Debug|Any CPU
		{C5B21C57-5512-4B03-8EA4-6CCD9BB72460}.Debug|Any CPU.Build.0 = Debug|Any CPU
		{C5B21C57-5512-4B03-8EA4-6CCD9BB72460}.Release|Any CPU.ActiveCfg = Release|Any CPU
		{C5B21C57-5512-4B03-8EA4-6CCD9BB72460}.Release|Any CPU.Build.0 = Release|Any CPU
		{4CFB47E4-59EF-4FB3-8833-60625B4DB614}.Debug|Any CPU.ActiveCfg = Debug|Any CPU
		{4CFB47E4-59EF-4FB3-8833-60625B4DB614}.Debug|Any CPU.Build.0 = Debug|Any CPU
		{4CFB47E4-59EF-4FB3-8833-60625B4DB614}.Release|Any CPU.ActiveCfg = Release|Any CPU
		{4CFB47E4-59EF-4FB3-8833-60625B4DB614}.Release|Any CPU.Build.0 = Release|Any CPU
		{AB96B11A-E751-4B4B-A0F2-2B1B064D4928}.Debug|Any CPU.ActiveCfg = Debug|Any CPU
		{AB96B11A-E751-4B4B-A0F2-2B1B064D4928}.Debug|Any CPU.Build.0 = Debug|Any CPU
		{AB96B11A-E751-4B4B-A0F2-2B1B064D4928}.Release|Any CPU.ActiveCfg = Release|Any CPU
		{AB96B11A-E751-4B4B-A0F2-2B1B064D4928}.Release|Any CPU.Build.0 = Release|Any CPU
		{9EB91C7B-B57E-4F30-8322-64CF0C3465D9}.Debug|Any CPU.ActiveCfg = Debug|Any CPU
		{9EB91C7B-B57E-4F30-8322-64CF0C3465D9}.Debug|Any CPU.Build.0 = Debug|Any CPU
		{9EB91C7B-B57E-4F30-8322-64CF0C3465D9}.Release|Any CPU.ActiveCfg = Release|Any CPU
		{9EB91C7B-B57E-4F30-8322-64CF0C3465D9}.Release|Any CPU.Build.0 = Release|Any CPU
		{D7734A27-E610-436A-A649-49E21270EDD5}.Debug|Any CPU.ActiveCfg = Debug|Any CPU
		{D7734A27-E610-436A-A649-49E21270EDD5}.Debug|Any CPU.Build.0 = Debug|Any CPU
		{D7734A27-E610-436A-A649-49E21270EDD5}.Release|Any CPU.ActiveCfg = Release|Any CPU
		{D7734A27-E610-436A-A649-49E21270EDD5}.Release|Any CPU.Build.0 = Release|Any CPU
		{EC8734CE-04E8-4B65-ABF3-168A46B1D381}.Debug|Any CPU.ActiveCfg = Debug|Any CPU
		{EC8734CE-04E8-4B65-ABF3-168A46B1D381}.Debug|Any CPU.Build.0 = Debug|Any CPU
		{EC8734CE-04E8-4B65-ABF3-168A46B1D381}.Release|Any CPU.ActiveCfg = Release|Any CPU
		{EC8734CE-04E8-4B65-ABF3-168A46B1D381}.Release|Any CPU.Build.0 = Release|Any CPU
		{CA291F0E-67CE-475C-832B-FAED45CDBDAE}.Debug|Any CPU.ActiveCfg = Debug|Any CPU
		{CA291F0E-67CE-475C-832B-FAED45CDBDAE}.Debug|Any CPU.Build.0 = Debug|Any CPU
		{CA291F0E-67CE-475C-832B-FAED45CDBDAE}.Release|Any CPU.ActiveCfg = Release|Any CPU
		{CA291F0E-67CE-475C-832B-FAED45CDBDAE}.Release|Any CPU.Build.0 = Release|Any CPU
		{035A27C9-3F8D-491B-BE2A-C981FE43488E}.Debug|Any CPU.ActiveCfg = Debug|Any CPU
		{035A27C9-3F8D-491B-BE2A-C981FE43488E}.Debug|Any CPU.Build.0 = Debug|Any CPU
		{035A27C9-3F8D-491B-BE2A-C981FE43488E}.Release|Any CPU.ActiveCfg = Release|Any CPU
		{035A27C9-3F8D-491B-BE2A-C981FE43488E}.Release|Any CPU.Build.0 = Release|Any CPU
		{F8C5DD22-2878-4142-A48E-4B404711985B}.Debug|Any CPU.ActiveCfg = Debug|Any CPU
		{F8C5DD22-2878-4142-A48E-4B404711985B}.Debug|Any CPU.Build.0 = Debug|Any CPU
		{F8C5DD22-2878-4142-A48E-4B404711985B}.Release|Any CPU.ActiveCfg = Release|Any CPU
		{F8C5DD22-2878-4142-A48E-4B404711985B}.Release|Any CPU.Build.0 = Release|Any CPU
		{A9043A20-A1A5-4E79-B732-5A8924A416E9}.Debug|Any CPU.ActiveCfg = Debug|Any CPU
		{A9043A20-A1A5-4E79-B732-5A8924A416E9}.Debug|Any CPU.Build.0 = Debug|Any CPU
		{A9043A20-A1A5-4E79-B732-5A8924A416E9}.Release|Any CPU.ActiveCfg = Release|Any CPU
		{A9043A20-A1A5-4E79-B732-5A8924A416E9}.Release|Any CPU.Build.0 = Release|Any CPU
	EndGlobalSection
	GlobalSection(SolutionProperties) = preSolution
		HideSolutionNode = FALSE
	EndGlobalSection
	GlobalSection(ExtensibilityGlobals) = postSolution
		SolutionGuid = {2C655450-1681-4DAB-A459-4107AC8E389B}
	EndGlobalSection
EndGlobal
